
Microsoft Visual Studio Solution File, Format Version 12.00
# Visual Studio Version 17
VisualStudioVersion = 17.13.35806.99
MinimumVisualStudioVersion = 10.0.40219.1
Project("{2150E333-8FDC-42A3-9474-1A3956D46DE8}") = "src", "src", "{02EA681E-C7D8-13C7-8484-4AC65E1B71E8}"
EndProject
Project("{2150E333-8FDC-42A3-9474-1A3956D46DE8}") = "tests", "tests", "{7DA0E0C3-280E-4D41-887C-5E7FA1178B28}"
EndProject
Project("{FAE04EC0-301F-11D3-BF4B-00C04F79EFBC}") = "Dev.ExternalClients", "src\Dev.ExternalClients\Dev.ExternalClients.csproj", "{6A23BA97-D028-9F31-1D2B-A4DEEB3E567D}"
EndProject
Project("{FAE04EC0-301F-11D3-BF4B-00C04F79EFBC}") = "Dev.ExternalClients.Tests.Unit", "tests\Dev.ExternalClients.Tests.Unit\Dev.ExternalClients.Tests.Unit.csproj", "{CE599787-9C37-4B29-829F-BA349EDB1923}"
EndProject
Global
	GlobalSection(SolutionConfigurationPlatforms) = preSolution
		Debug|Any CPU = Debug|Any CPU
		Release|Any CPU = Release|Any CPU
	EndGlobalSection
	GlobalSection(ProjectConfigurationPlatforms) = postSolution
		{6A23BA97-D028-9F31-1D2B-A4DEEB3E567D}.Debug|Any CPU.ActiveCfg = Debug|Any CPU
		{6A23BA97-D028-9F31-1D2B-A4DEEB3E567D}.Debug|Any CPU.Build.0 = Debug|Any CPU
		{6A23BA97-D028-9F31-1D2B-A4DEEB3E567D}.Release|Any CPU.ActiveCfg = Release|Any CPU
		{6A23BA97-D028-9F31-1D2B-A4DEEB3E567D}.Release|Any CPU.Build.0 = Release|Any CPU
		{CE599787-9C37-4B29-829F-BA349EDB1923}.Debug|Any CPU.ActiveCfg = Debug|Any CPU
		{CE599787-9C37-4B29-829F-BA349EDB1923}.Debug|Any CPU.Build.0 = Debug|Any CPU
		{CE599787-9C37-4B29-829F-BA349EDB1923}.Release|Any CPU.ActiveCfg = Release|Any CPU
		{CE599787-9C37-4B29-829F-BA349EDB1923}.Release|Any CPU.Build.0 = Release|Any CPU
	EndGlobalSection
	GlobalSection(SolutionProperties) = preSolution
		HideSolutionNode = FALSE
	EndGlobalSection
	GlobalSection(NestedProjects) = preSolution
		{6A23BA97-D028-9F31-1D2B-A4DEEB3E567D} = {02EA681E-C7D8-13C7-8484-4AC65E1B71E8}
		{CE599787-9C37-4B29-829F-BA349EDB1923} = {7DA0E0C3-280E-4D41-887C-5E7FA1178B28}
	EndGlobalSection
	GlobalSection(ExtensibilityGlobals) = postSolution
		SolutionGuid = {8C1EC971-D115-4D1F-9990-66AFF9A408E7}
	EndGlobalSection
EndGlobal
